// !$*UTF8*$!
{
	archiveVersion = 1;
	classes = {
	};
	objectVersion = 46;
	objects = {

/* Begin PBXBuildFile section */
		401FFB8C1D13FBA800CBC118 /* AppDelegate.swift in Sources */ = {isa = PBXBuildFile; fileRef = 401FFB8B1D13FBA800CBC118 /* AppDelegate.swift */; };
		401FFB8E1D13FBA800CBC118 /* ViewController.swift in Sources */ = {isa = PBXBuildFile; fileRef = 401FFB8D1D13FBA800CBC118 /* ViewController.swift */; };
		401FFB911D13FBA800CBC118 /* Main.storyboard in Resources */ = {isa = PBXBuildFile; fileRef = 401FFB8F1D13FBA800CBC118 /* Main.storyboard */; };
		401FFB931D13FBA800CBC118 /* Assets.xcassets in Resources */ = {isa = PBXBuildFile; fileRef = 401FFB921D13FBA800CBC118 /* Assets.xcassets */; };
		401FFB961D13FBA800CBC118 /* LaunchScreen.storyboard in Resources */ = {isa = PBXBuildFile; fileRef = 401FFB941D13FBA800CBC118 /* LaunchScreen.storyboard */; };
		401FFBA11D13FBA800CBC118 /* swiftUiTests.swift in Sources */ = {isa = PBXBuildFile; fileRef = 401FFBA01D13FBA800CBC118 /* swiftUiTests.swift */; };
		401FFBAC1D13FBA800CBC118 /* swiftUiUITests.swift in Sources */ = {isa = PBXBuildFile; fileRef = 401FFBAB1D13FBA800CBC118 /* swiftUiUITests.swift */; };
		401FFBBA1D13FC1300CBC118 /* LabelViewController.swift in Sources */ = {isa = PBXBuildFile; fileRef = 401FFBB91D13FC1300CBC118 /* LabelViewController.swift */; };
/* End PBXBuildFile section */

/* Begin PBXContainerItemProxy section */
		401FFB9D1D13FBA800CBC118 /* PBXContainerItemProxy */ = {
			isa = PBXContainerItemProxy;
			containerPortal = 401FFB801D13FBA800CBC118 /* Project object */;
			proxyType = 1;
			remoteGlobalIDString = 401FFB871D13FBA800CBC118;
			remoteInfo = swiftUi;
		};
		401FFBA81D13FBA800CBC118 /* PBXContainerItemProxy */ = {
			isa = PBXContainerItemProxy;
			containerPortal = 401FFB801D13FBA800CBC118 /* Project object */;
			proxyType = 1;
			remoteGlobalIDString = 401FFB871D13FBA800CBC118;
			remoteInfo = swiftUi;
		};
/* End PBXContainerItemProxy section */

/* Begin PBXFileReference section */
		401FFB881D13FBA800CBC118 /* swiftUi.app */ = {isa = PBXFileReference; explicitFileType = wrapper.application; includeInIndex = 0; path = swiftUi.app; sourceTree = BUILT_PRODUCTS_DIR; };
		401FFB8B1D13FBA800CBC118 /* AppDelegate.swift */ = {isa = PBXFileReference; lastKnownFileType = sourcecode.swift; path = AppDelegate.swift; sourceTree = "<group>"; };
		401FFB8D1D13FBA800CBC118 /* ViewController.swift */ = {isa = PBXFileReference; lastKnownFileType = sourcecode.swift; path = ViewController.swift; sourceTree = "<group>"; };
		401FFB901D13FBA800CBC118 /* Base */ = {isa = PBXFileReference; lastKnownFileType = file.storyboard; name = Base; path = Base.lproj/Main.storyboard; sourceTree = "<group>"; };
		401FFB921D13FBA800CBC118 /* Assets.xcassets */ = {isa = PBXFileReference; lastKnownFileType = folder.assetcatalog; path = Assets.xcassets; sourceTree = "<group>"; };
		401FFB951D13FBA800CBC118 /* Base */ = {isa = PBXFileReference; lastKnownFileType = file.storyboard; name = Base; path = Base.lproj/LaunchScreen.storyboard; sourceTree = "<group>"; };
		401FFB971D13FBA800CBC118 /* Info.plist */ = {isa = PBXFileReference; lastKnownFileType = text.plist.xml; path = Info.plist; sourceTree = "<group>"; };
		401FFB9C1D13FBA800CBC118 /* swiftUiTests.xctest */ = {isa = PBXFileReference; explicitFileType = wrapper.cfbundle; includeInIndex = 0; path = swiftUiTests.xctest; sourceTree = BUILT_PRODUCTS_DIR; };
		401FFBA01D13FBA800CBC118 /* swiftUiTests.swift */ = {isa = PBXFileReference; lastKnownFileType = sourcecode.swift; path = swiftUiTests.swift; sourceTree = "<group>"; };
		401FFBA21D13FBA800CBC118 /* Info.plist */ = {isa = PBXFileReference; lastKnownFileType = text.plist.xml; path = Info.plist; sourceTree = "<group>"; };
		401FFBA71D13FBA800CBC118 /* swiftUiUITests.xctest */ = {isa = PBXFileReference; explicitFileType = wrapper.cfbundle; includeInIndex = 0; path = swiftUiUITests.xctest; sourceTree = BUILT_PRODUCTS_DIR; };
		401FFBAB1D13FBA800CBC118 /* swiftUiUITests.swift */ = {isa = PBXFileReference; lastKnownFileType = sourcecode.swift; path = swiftUiUITests.swift; sourceTree = "<group>"; };
		401FFBAD1D13FBA800CBC118 /* Info.plist */ = {isa = PBXFileReference; lastKnownFileType = text.plist.xml; path = Info.plist; sourceTree = "<group>"; };
		401FFBB91D13FC1300CBC118 /* LabelViewController.swift */ = {isa = PBXFileReference; fileEncoding = 4; lastKnownFileType = sourcecode.swift; path = LabelViewController.swift; sourceTree = "<group>"; };
/* End PBXFileReference section */

/* Begin PBXFrameworksBuildPhase section */
		401FFB851D13FBA800CBC118 /* Frameworks */ = {
			isa = PBXFrameworksBuildPhase;
			buildActionMask = 2147483647;
			files = (
			);
			runOnlyForDeploymentPostprocessing = 0;
		};
		401FFB991D13FBA800CBC118 /* Frameworks */ = {
			isa = PBXFrameworksBuildPhase;
			buildActionMask = 2147483647;
			files = (
			);
			runOnlyForDeploymentPostprocessing = 0;
		};
		401FFBA41D13FBA800CBC118 /* Frameworks */ = {
			isa = PBXFrameworksBuildPhase;
			buildActionMask = 2147483647;
			files = (
			);
			runOnlyForDeploymentPostprocessing = 0;
		};
/* End PBXFrameworksBuildPhase section */

/* Begin PBXGroup section */
		401FFB7F1D13FBA800CBC118 = {
			isa = PBXGroup;
			children = (
				401FFB8A1D13FBA800CBC118 /* swiftUi */,
				401FFB9F1D13FBA800CBC118 /* swiftUiTests */,
				401FFBAA1D13FBA800CBC118 /* swiftUiUITests */,
				401FFB891D13FBA800CBC118 /* Products */,
			);
			sourceTree = "<group>";
		};
		401FFB891D13FBA800CBC118 /* Products */ = {
			isa = PBXGroup;
			children = (
				401FFB881D13FBA800CBC118 /* swiftUi.app */,
				401FFB9C1D13FBA800CBC118 /* swiftUiTests.xctest */,
				401FFBA71D13FBA800CBC118 /* swiftUiUITests.xctest */,
			);
			name = Products;
			sourceTree = "<group>";
		};
		401FFB8A1D13FBA800CBC118 /* swiftUi */ = {
			isa = PBXGroup;
			children = (
				401FFB8B1D13FBA800CBC118 /* AppDelegate.swift */,
				401FFB8D1D13FBA800CBC118 /* ViewController.swift */,
				401FFBB91D13FC1300CBC118 /* LabelViewController.swift */,
				401FFB8F1D13FBA800CBC118 /* Main.storyboard */,
				401FFB921D13FBA800CBC118 /* Assets.xcassets */,
				401FFB941D13FBA800CBC118 /* LaunchScreen.storyboard */,
				401FFB971D13FBA800CBC118 /* Info.plist */,
			);
			path = swiftUi;
			sourceTree = "<group>";
		};
		401FFB9F1D13FBA800CBC118 /* swiftUiTests */ = {
			isa = PBXGroup;
			children = (
				401FFBA01D13FBA800CBC118 /* swiftUiTests.swift */,
				401FFBA21D13FBA800CBC118 /* Info.plist */,
			);
			path = swiftUiTests;
			sourceTree = "<group>";
		};
		401FFBAA1D13FBA800CBC118 /* swiftUiUITests */ = {
			isa = PBXGroup;
			children = (
				401FFBAB1D13FBA800CBC118 /* swiftUiUITests.swift */,
				401FFBAD1D13FBA800CBC118 /* Info.plist */,
			);
			path = swiftUiUITests;
			sourceTree = "<group>";
		};
/* End PBXGroup section */

/* Begin PBXNativeTarget section */
		401FFB871D13FBA800CBC118 /* swiftUi */ = {
			isa = PBXNativeTarget;
			buildConfigurationList = 401FFBB01D13FBA800CBC118 /* Build configuration list for PBXNativeTarget "swiftUi" */;
			buildPhases = (
				401FFB841D13FBA800CBC118 /* Sources */,
				401FFB851D13FBA800CBC118 /* Frameworks */,
				401FFB861D13FBA800CBC118 /* Resources */,
				401FFBBB1D140C5A00CBC118 /* ShellScript */,
			);
			buildRules = (
			);
			dependencies = (
			);
			name = swiftUi;
			productName = swiftUi;
			productReference = 401FFB881D13FBA800CBC118 /* swiftUi.app */;
			productType = "com.apple.product-type.application";
		};
		401FFB9B1D13FBA800CBC118 /* swiftUiTests */ = {
			isa = PBXNativeTarget;
			buildConfigurationList = 401FFBB31D13FBA800CBC118 /* Build configuration list for PBXNativeTarget "swiftUiTests" */;
			buildPhases = (
				401FFB981D13FBA800CBC118 /* Sources */,
				401FFB991D13FBA800CBC118 /* Frameworks */,
				401FFB9A1D13FBA800CBC118 /* Resources */,
			);
			buildRules = (
			);
			dependencies = (
				401FFB9E1D13FBA800CBC118 /* PBXTargetDependency */,
			);
			name = swiftUiTests;
			productName = swiftUiTests;
			productReference = 401FFB9C1D13FBA800CBC118 /* swiftUiTests.xctest */;
			productType = "com.apple.product-type.bundle.unit-test";
		};
		401FFBA61D13FBA800CBC118 /* swiftUiUITests */ = {
			isa = PBXNativeTarget;
			buildConfigurationList = 401FFBB61D13FBA800CBC118 /* Build configuration list for PBXNativeTarget "swiftUiUITests" */;
			buildPhases = (
				401FFBA31D13FBA800CBC118 /* Sources */,
				401FFBA41D13FBA800CBC118 /* Frameworks */,
				401FFBA51D13FBA800CBC118 /* Resources */,
			);
			buildRules = (
			);
			dependencies = (
				401FFBA91D13FBA800CBC118 /* PBXTargetDependency */,
			);
			name = swiftUiUITests;
			productName = swiftUiUITests;
			productReference = 401FFBA71D13FBA800CBC118 /* swiftUiUITests.xctest */;
			productType = "com.apple.product-type.bundle.ui-testing";
		};
/* End PBXNativeTarget section */

/* Begin PBXProject section */
		401FFB801D13FBA800CBC118 /* Project object */ = {
			isa = PBXProject;
			attributes = {
				LastSwiftUpdateCheck = 0730;
				LastUpgradeCheck = 0730;
				ORGANIZATIONNAME = developer_k;
				TargetAttributes = {
					401FFB871D13FBA800CBC118 = {
						CreatedOnToolsVersion = 7.3.1;
					};
					401FFB9B1D13FBA800CBC118 = {
						CreatedOnToolsVersion = 7.3.1;
						TestTargetID = 401FFB871D13FBA800CBC118;
					};
					401FFBA61D13FBA800CBC118 = {
						CreatedOnToolsVersion = 7.3.1;
						TestTargetID = 401FFB871D13FBA800CBC118;
					};
				};
			};
			buildConfigurationList = 401FFB831D13FBA800CBC118 /* Build configuration list for PBXProject "swiftUi" */;
			compatibilityVersion = "Xcode 3.2";
			developmentRegion = English;
			hasScannedForEncodings = 0;
			knownRegions = (
				en,
				Base,
			);
			mainGroup = 401FFB7F1D13FBA800CBC118;
			productRefGroup = 401FFB891D13FBA800CBC118 /* Products */;
			projectDirPath = "";
			projectRoot = "";
			targets = (
				401FFB871D13FBA800CBC118 /* swiftUi */,
				401FFB9B1D13FBA800CBC118 /* swiftUiTests */,
				401FFBA61D13FBA800CBC118 /* swiftUiUITests */,
			);
		};
/* End PBXProject section */

/* Begin PBXResourcesBuildPhase section */
		401FFB861D13FBA800CBC118 /* Resources */ = {
			isa = PBXResourcesBuildPhase;
			buildActionMask = 2147483647;
			files = (
				401FFB961D13FBA800CBC118 /* LaunchScreen.storyboard in Resources */,
				401FFB931D13FBA800CBC118 /* Assets.xcassets in Resources */,
				401FFB911D13FBA800CBC118 /* Main.storyboard in Resources */,
			);
			runOnlyForDeploymentPostprocessing = 0;
		};
		401FFB9A1D13FBA800CBC118 /* Resources */ = {
			isa = PBXResourcesBuildPhase;
			buildActionMask = 2147483647;
			files = (
			);
			runOnlyForDeploymentPostprocessing = 0;
		};
		401FFBA51D13FBA800CBC118 /* Resources */ = {
			isa = PBXResourcesBuildPhase;
			buildActionMask = 2147483647;
			files = (
			);
			runOnlyForDeploymentPostprocessing = 0;
		};
/* End PBXResourcesBuildPhase section */

/* Begin PBXShellScriptBuildPhase section */
		401FFBBB1D140C5A00CBC118 /* ShellScript */ = {
			isa = PBXShellScriptBuildPhase;
			buildActionMask = 2147483647;
			files = (
			);
			inputPaths = (
			);
			outputPaths = (
			);
			runOnlyForDeploymentPostprocessing = 0;
			shellPath = /bin/sh;
			shellScript = "TAGS=\"TODO:|FIXME:\"\necho \"searching ${SRCROOT} for ${TAGS}\"\nfind \"${SRCROOT}\" \\( -name \"*.swift\" \\) -print0 | xargs -0 egrep --with-filename --line-number --only-matching \"($TAGS).*\\$\" | perl -p -e \"s/($TAGS)/ warning: \\$1/\"";
		};
/* End PBXShellScriptBuildPhase section */

/* Begin PBXSourcesBuildPhase section */
		401FFB841D13FBA800CBC118 /* Sources */ = {
			isa = PBXSourcesBuildPhase;
			buildActionMask = 2147483647;
			files = (
				401FFB8E1D13FBA800CBC118 /* ViewController.swift in Sources */,
				401FFB8C1D13FBA800CBC118 /* AppDelegate.swift in Sources */,
				401FFBBA1D13FC1300CBC118 /* LabelViewController.swift in Sources */,
			);
			runOnlyForDeploymentPostprocessing = 0;
		};
		401FFB981D13FBA800CBC118 /* Sources */ = {
			isa = PBXSourcesBuildPhase;
			buildActionMask = 2147483647;
			files = (
				401FFBA11D13FBA800CBC118 /* swiftUiTests.swift in Sources */,
			);
			runOnlyForDeploymentPostprocessing = 0;
		};
		401FFBA31D13FBA800CBC118 /* Sources */ = {
			isa = PBXSourcesBuildPhase;
			buildActionMask = 2147483647;
			files = (
				401FFBAC1D13FBA800CBC118 /* swiftUiUITests.swift in Sources */,
			);
			runOnlyForDeploymentPostprocessing = 0;
		};
/* End PBXSourcesBuildPhase section */

/* Begin PBXTargetDependency section */
		401FFB9E1D13FBA800CBC118 /* PBXTargetDependency */ = {
			isa = PBXTargetDependency;
			target = 401FFB871D13FBA800CBC118 /* swiftUi */;
			targetProxy = 401FFB9D1D13FBA800CBC118 /* PBXContainerItemProxy */;
		};
		401FFBA91D13FBA800CBC118 /* PBXTargetDependency */ = {
			isa = PBXTargetDependency;
			target = 401FFB871D13FBA800CBC118 /* swiftUi */;
			targetProxy = 401FFBA81D13FBA800CBC118 /* PBXContainerItemProxy */;
		};
/* End PBXTargetDependency section */

/* Begin PBXVariantGroup section */
		401FFB8F1D13FBA800CBC118 /* Main.storyboard */ = {
			isa = PBXVariantGroup;
			children = (
				401FFB901D13FBA800CBC118 /* Base */,
			);
			name = Main.storyboard;
			sourceTree = "<group>";
		};
		401FFB941D13FBA800CBC118 /* LaunchScreen.storyboard */ = {
			isa = PBXVariantGroup;
			children = (
				401FFB951D13FBA800CBC118 /* Base */,
			);
			name = LaunchScreen.storyboard;
			sourceTree = "<group>";
		};
/* End PBXVariantGroup section */

/* Begin XCBuildConfiguration section */
		401FFBAE1D13FBA800CBC118 /* Debug */ = {
			isa = XCBuildConfiguration;
			buildSettings = {
				ALWAYS_SEARCH_USER_PATHS = NO;
				CLANG_ANALYZER_NONNULL = YES;
				CLANG_CXX_LANGUAGE_STANDARD = "gnu++0x";
				CLANG_CXX_LIBRARY = "libc++";
				CLANG_ENABLE_MODULES = YES;
				CLANG_ENABLE_OBJC_ARC = YES;
				CLANG_WARN_BOOL_CONVERSION = YES;
				CLANG_WARN_CONSTANT_CONVERSION = YES;
				CLANG_WARN_DIRECT_OBJC_ISA_USAGE = YES_ERROR;
				CLANG_WARN_EMPTY_BODY = YES;
				CLANG_WARN_ENUM_CONVERSION = YES;
				CLANG_WARN_INT_CONVERSION = YES;
				CLANG_WARN_OBJC_ROOT_CLASS = YES_ERROR;
				CLANG_WARN_UNREACHABLE_CODE = YES;
				CLANG_WARN__DUPLICATE_METHOD_MATCH = YES;
				"CODE_SIGN_IDENTITY[sdk=iphoneos*]" = "iPhone Developer";
				COPY_PHASE_STRIP = NO;
				DEBUG_INFORMATION_FORMAT = dwarf;
				ENABLE_STRICT_OBJC_MSGSEND = YES;
				ENABLE_TESTABILITY = YES;
				GCC_C_LANGUAGE_STANDARD = gnu99;
				GCC_DYNAMIC_NO_PIC = NO;
				GCC_NO_COMMON_BLOCKS = YES;
				GCC_OPTIMIZATION_LEVEL = 0;
				GCC_PREPROCESSOR_DEFINITIONS = (
					"DEBUG=1",
					"$(inherited)",
				);
				GCC_WARN_64_TO_32_BIT_CONVERSION = YES;
				GCC_WARN_ABOUT_RETURN_TYPE = YES_ERROR;
				GCC_WARN_UNDECLARED_SELECTOR = YES;
				GCC_WARN_UNINITIALIZED_AUTOS = YES_AGGRESSIVE;
				GCC_WARN_UNUSED_FUNCTION = YES;
				GCC_WARN_UNUSED_VARIABLE = YES;
				IPHONEOS_DEPLOYMENT_TARGET = 9.3;
				MTL_ENABLE_DEBUG_INFO = YES;
				ONLY_ACTIVE_ARCH = YES;
				SDKROOT = iphoneos;
				SWIFT_OPTIMIZATION_LEVEL = "-Onone";
			};
			name = Debug;
		};
		401FFBAF1D13FBA800CBC118 /* Release */ = {
			isa = XCBuildConfiguration;
			buildSettings = {
				ALWAYS_SEARCH_USER_PATHS = NO;
				CLANG_ANALYZER_NONNULL = YES;
				CLANG_CXX_LANGUAGE_STANDARD = "gnu++0x";
				CLANG_CXX_LIBRARY = "libc++";
				CLANG_ENABLE_MODULES = YES;
				CLANG_ENABLE_OBJC_ARC = YES;
				CLANG_WARN_BOOL_CONVERSION = YES;
				CLANG_WARN_CONSTANT_CONVERSION = YES;
				CLANG_WARN_DIRECT_OBJC_ISA_USAGE = YES_ERROR;
				CLANG_WARN_EMPTY_BODY = YES;
				CLANG_WARN_ENUM_CONVERSION = YES;
				CLANG_WARN_INT_CONVERSION = YES;
				CLANG_WARN_OBJC_ROOT_CLASS = YES_ERROR;
				CLANG_WARN_UNREACHABLE_CODE = YES;
				CLANG_WARN__DUPLICATE_METHOD_MATCH = YES;
				"CODE_SIGN_IDENTITY[sdk=iphoneos*]" = "iPhone Developer";
				COPY_PHASE_STRIP = NO;
				DEBUG_INFORMATION_FORMAT = "dwarf-with-dsym";
				ENABLE_NS_ASSERTIONS = NO;
				ENABLE_STRICT_OBJC_MSGSEND = YES;
				GCC_C_LANGUAGE_STANDARD = gnu99;
				GCC_NO_COMMON_BLOCKS = YES;
				GCC_WARN_64_TO_32_BIT_CONVERSION = YES;
				GCC_WARN_ABOUT_RETURN_TYPE = YES_ERROR;
				GCC_WARN_UNDECLARED_SELECTOR = YES;
				GCC_WARN_UNINITIALIZED_AUTOS = YES_AGGRESSIVE;
				GCC_WARN_UNUSED_FUNCTION = YES;
				GCC_WARN_UNUSED_VARIABLE = YES;
				IPHONEOS_DEPLOYMENT_TARGET = 9.3;
				MTL_ENABLE_DEBUG_INFO = NO;
				SDKROOT = iphoneos;
				VALIDATE_PRODUCT = YES;
			};
			name = Release;
		};
		401FFBB11D13FBA800CBC118 /* Debug */ = {
			isa = XCBuildConfiguration;
			buildSettings = {
				ASSETCATALOG_COMPILER_APPICON_NAME = AppIcon;
				INFOPLIST_FILE = swiftUi/Info.plist;
				LD_RUNPATH_SEARCH_PATHS = "$(inherited) @executable_path/Frameworks";
				PRODUCT_BUNDLE_IDENTIFIER = com.Vhall.www.swiftUi;
				PRODUCT_NAME = "$(TARGET_NAME)";
			};
			name = Debug;
		};
		401FFBB21D13FBA800CBC118 /* Release */ = {
			isa = XCBuildConfiguration;
			buildSettings = {
				ASSETCATALOG_COMPILER_APPICON_NAME = AppIcon;
				INFOPLIST_FILE = swiftUi/Info.plist;
				LD_RUNPATH_SEARCH_PATHS = "$(inherited) @executable_path/Frameworks";
				PRODUCT_BUNDLE_IDENTIFIER = com.Vhall.www.swiftUi;
				PRODUCT_NAME = "$(TARGET_NAME)";
			};
			name = Release;
		};
		401FFBB41D13FBA800CBC118 /* Debug */ = {
			isa = XCBuildConfiguration;
			buildSettings = {
				BUNDLE_LOADER = "$(TEST_HOST)";
				INFOPLIST_FILE = swiftUiTests/Info.plist;
				LD_RUNPATH_SEARCH_PATHS = "$(inherited) @executable_path/Frameworks @loader_path/Frameworks";
				PRODUCT_BUNDLE_IDENTIFIER = com.Vhall.www.swiftUiTests;
				PRODUCT_NAME = "$(TARGET_NAME)";
				TEST_HOST = "$(BUILT_PRODUCTS_DIR)/swiftUi.app/swiftUi";
			};
			name = Debug;
		};
		401FFBB51D13FBA800CBC118 /* Release */ = {
			isa = XCBuildConfiguration;
			buildSettings = {
				BUNDLE_LOADER = "$(TEST_HOST)";
				INFOPLIST_FILE = swiftUiTests/Info.plist;
				LD_RUNPATH_SEARCH_PATHS = "$(inherited) @executable_path/Frameworks @loader_path/Frameworks";
				PRODUCT_BUNDLE_IDENTIFIER = com.Vhall.www.swiftUiTests;
				PRODUCT_NAME = "$(TARGET_NAME)";
				TEST_HOST = "$(BUILT_PRODUCTS_DIR)/swiftUi.app/swiftUi";
			};
			name = Release;
		};
		401FFBB71D13FBA800CBC118 /* Debug */ = {
			isa = XCBuildConfiguration;
			buildSettings = {
				INFOPLIST_FILE = swiftUiUITests/Info.plist;
				LD_RUNPATH_SEARCH_PATHS = "$(inherited) @executable_path/Frameworks @loader_path/Frameworks";
				PRODUCT_BUNDLE_IDENTIFIER = com.Vhall.www.swiftUiUITests;
				PRODUCT_NAME = "$(TARGET_NAME)";
				TEST_TARGET_NAME = swiftUi;
			};
			name = Debug;
		};
		401FFBB81D13FBA800CBC118 /* Release */ = {
			isa = XCBuildConfiguration;
			buildSettings = {
				INFOPLIST_FILE = swiftUiUITests/Info.plist;
				LD_RUNPATH_SEARCH_PATHS = "$(inherited) @executable_path/Frameworks @loader_path/Frameworks";
				PRODUCT_BUNDLE_IDENTIFIER = com.Vhall.www.swiftUiUITests;
				PRODUCT_NAME = "$(TARGET_NAME)";
				TEST_TARGET_NAME = swiftUi;
			};
			name = Release;
		};
/* End XCBuildConfiguration section */

/* Begin XCConfigurationList section */
		401FFB831D13FBA800CBC118 /* Build configuration list for PBXProject "swiftUi" */ = {
			isa = XCConfigurationList;
			buildConfigurations = (
				401FFBAE1D13FBA800CBC118 /* Debug */,
				401FFBAF1D13FBA800CBC118 /* Release */,
			);
			defaultConfigurationIsVisible = 0;
			defaultConfigurationName = Release;
		};
		401FFBB01D13FBA800CBC118 /* Build configuration list for PBXNativeTarget "swiftUi" */ = {
			isa = XCConfigurationList;
			buildConfigurations = (
				401FFBB11D13FBA800CBC118 /* Debug */,
				401FFBB21D13FBA800CBC118 /* Release */,
			);
			defaultConfigurationIsVisible = 0;
		};
		401FFBB31D13FBA800CBC118 /* Build configuration list for PBXNativeTarget "swiftUiTests" */ = {
			isa = XCConfigurationList;
			buildConfigurations = (
				401FFBB41D13FBA800CBC118 /* Debug */,
				401FFBB51D13FBA800CBC118 /* Release */,
			);
			defaultConfigurationIsVisible = 0;
		};
		401FFBB61D13FBA800CBC118 /* Build configuration list for PBXNativeTarget "swiftUiUITests" */ = {
			isa = XCConfigurationList;
			buildConfigurations = (
				401FFBB71D13FBA800CBC118 /* Debug */,
				401FFBB81D13FBA800CBC118 /* Release */,
			);
			defaultConfigurationIsVisible = 0;
		};
/* End XCConfigurationList section */
	};
	rootObject = 401FFB801D13FBA800CBC118 /* Project object */;
}
